
Microsoft Visual Studio Solution File, Format Version 12.00
# Visual Studio Version 16
VisualStudioVersion = 16.0.30907.101
MinimumVisualStudioVersion = 10.0.40219.1
Project("{9A19103F-16F7-4668-BE54-9A1E7A4F7556}") = "Email.API", "Email.API\Email.API.csproj", "{2A6541CC-8275-4B26-8BA0-C2A0545252F0}"
EndProject
Project("{9A19103F-16F7-4668-BE54-9A1E7A4F7556}") = "Aplicacao", "Aplicacao\Aplicacao.csproj", "{742432C5-B965-43DA-B64A-B0C726A5A9C0}"
EndProject
Project("{9A19103F-16F7-4668-BE54-9A1E7A4F7556}") = "Crosscuting", "Crosscuting\Crosscuting.csproj", "{0976F0B4-95F7-45F3-B3E8-65D9ADDF64EE}"
EndProject
Global
	GlobalSection(SolutionConfigurationPlatforms) = preSolution
		Debug|Any CPU = Debug|Any CPU
		Release|Any CPU = Release|Any CPU
	EndGlobalSection
	GlobalSection(ProjectConfigurationPlatforms) = postSolution
		{2A6541CC-8275-4B26-8BA0-C2A0545252F0}.Debug|Any CPU.ActiveCfg = Debug|Any CPU
		{2A6541CC-8275-4B26-8BA0-C2A0545252F0}.Debug|Any CPU.Build.0 = Debug|Any CPU
		{2A6541CC-8275-4B26-8BA0-C2A0545252F0}.Release|Any CPU.ActiveCfg = Release|Any CPU
		{2A6541CC-8275-4B26-8BA0-C2A0545252F0}.Release|Any CPU.Build.0 = Release|Any CPU
		{742432C5-B965-43DA-B64A-B0C726A5A9C0}.Debug|Any CPU.ActiveCfg = Debug|Any CPU
		{742432C5-B965-43DA-B64A-B0C726A5A9C0}.Debug|Any CPU.Build.0 = Debug|Any CPU
		{742432C5-B965-43DA-B64A-B0C726A5A9C0}.Release|Any CPU.ActiveCfg = Release|Any CPU
		{742432C5-B965-43DA-B64A-B0C726A5A9C0}.Release|Any CPU.Build.0 = Release|Any CPU
		{0976F0B4-95F7-45F3-B3E8-65D9ADDF64EE}.Debug|Any CPU.ActiveCfg = Debug|Any CPU
		{0976F0B4-95F7-45F3-B3E8-65D9ADDF64EE}.Debug|Any CPU.Build.0 = Debug|Any CPU
		{0976F0B4-95F7-45F3-B3E8-65D9ADDF64EE}.Release|Any CPU.ActiveCfg = Release|Any CPU
		{0976F0B4-95F7-45F3-B3E8-65D9ADDF64EE}.Release|Any CPU.Build.0 = Release|Any CPU
	EndGlobalSection
	GlobalSection(SolutionProperties) = preSolution
		HideSolutionNode = FALSE
	EndGlobalSection
	GlobalSection(ExtensibilityGlobals) = postSolution
		SolutionGuid = {26536FD1-2982-47D0-89E5-394166A41EB6}
	EndGlobalSection
EndGlobal
